github.com/akshayjshah/attest v0.2.2 h1:0XKkfzpMpE+kJCkrnpV+ccwakypEwXE8v2sIbVNgOT8=
github.com/akshayjshah/attest v0.2.2/go.mod h1:EsNGoxoQ0/Y18OjI48piVra6dKxLgOHckwEKBeeFVwY=
github.com/davecgh/go-spew v1.1.1 h1:vj9j/u1bqnvCEfJOwUhtlOARqs3+rkHYY13jYWTU97c=
github.com/google/go-cmp v0.5.7 h1:81/ik6ipDQS2aGcBfIN5dHDB36BwrStyeAQquSYCV4o=
github.com/google/go-cmp v0.5.7/go.mod h1:n+brtR0CgQNWTVd5ZUFpTBC8YFBDLK/h/bpaJ8/DtOE=
github.com/pmezard/go-difflib v1.0.0 h1:4DBwDE0NGyQoBHbLQYPwSUPoCMWR5BEzIk/f1lZbAQM=
github.com/prashantv/gostub v1.1.0 h1:BTyx3RfQjRHnUWaGF9oQos79AlQ5k8WNktv7VGvVH4g=
github.com/rs/xid v1.4.0 h1:qd7wPTDkN6KQx2VmMBLrpHkiyQwgFXRnkOLacUiaSNY=
github.com/rs/xid v1.4.0/go.mod h1:trrq9SKmegXys3aeAKXMUTdJsYXVwGY3RLcfgqegfbg=
github.com/stretchr/testify v1.7.1 h1:5TQK59W5E3v0r2duFAb7P95B6hEeOyEnHRa8MjYSMTY=
go.uber.org/automaxprocs v1.5.1 h1:e1YG66Lrk73dn4qhg8WFSvhF0JuFQF0ERIp4rpuV8Qk=
go.uber.org/automaxprocs v1.5.1/go.mod h1:BF4eumQw0P9GtnuxxovUd06vwm1o18oMzFtK66vU6XU=
golang.org/x/sys v0.0.0-20220610221304-9f5ed59c137d h1:Zu/JngovGLVi6t2J3nmAf3AoTDwuzw85YZ3b9o4yU7s=
golang.org/x/sys v0.0.0-20220610221304-9f5ed59c137d/go.mod h1:oPkhp1MJrh7nUepCBck5+mAzfO9JrbApNNgaTdGDITg=
golang.org/x/xerrors v0.0.0-20191204190536-9bdfabe68543/go.mod h1:I/5z698sn9Ka8TeJc9MKroUUfqBBauWjQqLJ2OPfmY0=
golang.org/x/xerrors v0.0.0-20200804184101-5ec99f83aff1 h1:go1bK/D/BFZV2I8cIQd1NKEZ+0owSTG1fDTci4IqFcE=
golang.org/x/xerrors v0.0.0-20200804184101-5ec99f83aff1/go.mod h1:I/5z698sn9Ka8TeJc9MKroUUfqBBauWjQqLJ2OPfmY0=
gopkg.in/yaml.v3 v3.0.0-20210107192922-496545a6307b h1:h8qDotaEPuJATrMmW04NCwg7v22aHH28wwpauUhK9Oo=
